
Microsoft Visual Studio Solution File, Format Version 12.00
# Visual Studio Version 16
VisualStudioVersion = 16.0.31005.135
MinimumVisualStudioVersion = 10.0.40219.1
Project("{FAE04EC0-301F-11D3-BF4B-00C04F79EFBC}") = "RESTApp", "RESTApp\RESTApp.csproj", "{4CCB1451-3EB0-43C9-B294-5ED1124CEBB4}"
EndProject
Global
	GlobalSection(SolutionConfigurationPlatforms) = preSolution
		Debug|Any CPU = Debug|Any CPU
		Release|Any CPU = Release|Any CPU
	EndGlobalSection
	GlobalSection(ProjectConfigurationPlatforms) = postSolution
		{4CCB1451-3EB0-43C9-B294-5ED1124CEBB4}.Debug|Any CPU.ActiveCfg = Debug|Any CPU
		{4CCB1451-3EB0-43C9-B294-5ED1124CEBB4}.Debug|Any CPU.Build.0 = Debug|Any CPU
		{4CCB1451-3EB0-43C9-B294-5ED1124CEBB4}.Release|Any CPU.ActiveCfg = Release|Any CPU
		{4CCB1451-3EB0-43C9-B294-5ED1124CEBB4}.Release|Any CPU.Build.0 = Release|Any CPU
	EndGlobalSection
	GlobalSection(SolutionProperties) = preSolution
		HideSolutionNode = FALSE
	EndGlobalSection
	GlobalSection(ExtensibilityGlobals) = postSolution
		SolutionGuid = {1F9B9AE9-DDC5-496B-9D76-2AEF49CA4A16}
	EndGlobalSection
EndGlobal
